// !$*UTF8*$!
{
	archiveVersion = 1;
	classes = {
	};
	objectVersion = 46;
	objects = {

/* Begin PBXBuildFile section */
		01FAFBF71E4FE2730050DCE2 /* AppDelegate.swift in Sources */ = {isa = PBXBuildFile; fileRef = 01FAFBF61E4FE2730050DCE2 /* AppDelegate.swift */; };
		01FAFBF91E4FE2730050DCE2 /* ViewController.swift in Sources */ = {isa = PBXBuildFile; fileRef = 01FAFBF81E4FE2730050DCE2 /* ViewController.swift */; };
		01FAFBFC1E4FE2730050DCE2 /* Main.storyboard in Resources */ = {isa = PBXBuildFile; fileRef = 01FAFBFA1E4FE2730050DCE2 /* Main.storyboard */; };
		01FAFBFE1E4FE2730050DCE2 /* Assets.xcassets in Resources */ = {isa = PBXBuildFile; fileRef = 01FAFBFD1E4FE2730050DCE2 /* Assets.xcassets */; };
		01FAFC011E4FE2730050DCE2 /* LaunchScreen.storyboard in Resources */ = {isa = PBXBuildFile; fileRef = 01FAFBFF1E4FE2730050DCE2 /* LaunchScreen.storyboard */; };
		01FAFC091E4FF4690050DCE2 /* level1.txt in Resources */ = {isa = PBXBuildFile; fileRef = 01FAFC081E4FF4690050DCE2 /* level1.txt */; };
/* End PBXBuildFile section */

/* Begin PBXFileReference section */
		01FAFBF31E4FE2730050DCE2 /* Project8.app */ = {isa = PBXFileReference; explicitFileType = wrapper.application; includeInIndex = 0; path = Project8.app; sourceTree = BUILT_PRODUCTS_DIR; };
		01FAFBF61E4FE2730050DCE2 /* AppDelegate.swift */ = {isa = PBXFileReference; lastKnownFileType = sourcecode.swift; path = AppDelegate.swift; sourceTree = "<group>"; };
		01FAFBF81E4FE2730050DCE2 /* ViewController.swift */ = {isa = PBXFileReference; lastKnownFileType = sourcecode.swift; path = ViewController.swift; sourceTree = "<group>"; };
		01FAFBFB1E4FE2730050DCE2 /* Base */ = {isa = PBXFileReference; lastKnownFileType = file.storyboard; name = Base; path = Base.lproj/Main.storyboard; sourceTree = "<group>"; };
		01FAFBFD1E4FE2730050DCE2 /* Assets.xcassets */ = {isa = PBXFileReference; lastKnownFileType = folder.assetcatalog; path = Assets.xcassets; sourceTree = "<group>"; };
		01FAFC001E4FE2730050DCE2 /* Base */ = {isa = PBXFileReference; lastKnownFileType = file.storyboard; name = Base; path = Base.lproj/LaunchScreen.storyboard; sourceTree = "<group>"; };
		01FAFC021E4FE2730050DCE2 /* Info.plist */ = {isa = PBXFileReference; lastKnownFileType = text.plist.xml; path = Info.plist; sourceTree = "<group>"; };
		01FAFC081E4FF4690050DCE2 /* level1.txt */ = {isa = PBXFileReference; fileEncoding = 4; lastKnownFileType = text; path = level1.txt; sourceTree = "<group>"; };
/* End PBXFileReference section */

/* Begin PBXFrameworksBuildPhase section */
		01FAFBF01E4FE2730050DCE2 /* Frameworks */ = {
			isa = PBXFrameworksBuildPhase;
			buildActionMask = 2147483647;
			files = (
			);
			runOnlyForDeploymentPostprocessing = 0;
		};
/* End PBXFrameworksBuildPhase section */

/* Begin PBXGroup section */
		01FAFBEA1E4FE2730050DCE2 = {
			isa = PBXGroup;
			children = (
				01FAFBF51E4FE2730050DCE2 /* Project8 */,
				01FAFBF41E4FE2730050DCE2 /* Products */,
			);
			sourceTree = "<group>";
		};
		01FAFBF41E4FE2730050DCE2 /* Products */ = {
			isa = PBXGroup;
			children = (
				01FAFBF31E4FE2730050DCE2 /* Project8.app */,
			);
			name = Products;
			sourceTree = "<group>";
		};
		01FAFBF51E4FE2730050DCE2 /* Project8 */ = {
			isa = PBXGroup;
			children = (
				01FAFBF61E4FE2730050DCE2 /* AppDelegate.swift */,
				01FAFBF81E4FE2730050DCE2 /* ViewController.swift */,
				01FAFBFA1E4FE2730050DCE2 /* Main.storyboard */,
				01FAFC081E4FF4690050DCE2 /* level1.txt */,
				01FAFBFD1E4FE2730050DCE2 /* Assets.xcassets */,
				01FAFBFF1E4FE2730050DCE2 /* LaunchScreen.storyboard */,
				01FAFC021E4FE2730050DCE2 /* Info.plist */,
			);
			path = Project8;
			sourceTree = "<group>";
		};
/* End PBXGroup section */

/* Begin PBXNativeTarget section */
		01FAFBF21E4FE2730050DCE2 /* Project8 */ = {
			isa = PBXNativeTarget;
			buildConfigurationList = 01FAFC051E4FE2730050DCE2 /* Build configuration list for PBXNativeTarget "Project8" */;
			buildPhases = (
				01FAFBEF1E4FE2730050DCE2 /* Sources */,
				01FAFBF01E4FE2730050DCE2 /* Frameworks */,
				01FAFBF11E4FE2730050DCE2 /* Resources */,
			);
			buildRules = (
			);
			dependencies = (
			);
			name = Project8;
			productName = Project8;
			productReference = 01FAFBF31E4FE2730050DCE2 /* Project8.app */;
			productType = "com.apple.product-type.application";
		};
/* End PBXNativeTarget section */

/* Begin PBXProject section */
		01FAFBEB1E4FE2730050DCE2 /* Project object */ = {
			isa = PBXProject;
			attributes = {
				LastSwiftUpdateCheck = 0820;
				LastUpgradeCheck = 0820;
				ORGANIZATIONNAME = MelissaGarrett;
				TargetAttributes = {
					01FAFBF21E4FE2730050DCE2 = {
						CreatedOnToolsVersion = 8.2.1;
						DevelopmentTeam = DG4WJC99E5;
						ProvisioningStyle = Automatic;
					};
				};
			};
			buildConfigurationList = 01FAFBEE1E4FE2730050DCE2 /* Build configuration list for PBXProject "Project8" */;
			compatibilityVersion = "Xcode 3.2";
			developmentRegion = English;
			hasScannedForEncodings = 0;
			knownRegions = (
				en,
				Base,
			);
			mainGroup = 01FAFBEA1E4FE2730050DCE2;
			productRefGroup = 01FAFBF41E4FE2730050DCE2 /* Products */;
			projectDirPath = "";
			projectRoot = "";
			targets = (
				01FAFBF21E4FE2730050DCE2 /* Project8 */,
			);
		};
/* End PBXProject section */

/* Begin PBXResourcesBuildPhase section */
		01FAFBF11E4FE2730050DCE2 /* Resources */ = {
			isa = PBXResourcesBuildPhase;
			buildActionMask = 2147483647;
			files = (
				01FAFC011E4FE2730050DCE2 /* LaunchScreen.storyboard in Resources */,
				01FAFC091E4FF4690050DCE2 /* level1.txt in Resources */,
				01FAFBFE1E4FE2730050DCE2 /* Assets.xcassets in Resources */,
				01FAFBFC1E4FE2730050DCE2 /* Main.storyboard in Resources */,
			);
			runOnlyForDeploymentPostprocessing = 0;
		};
/* End PBXResourcesBuildPhase section */

/* Begin PBXSourcesBuildPhase section */
		01FAFBEF1E4FE2730050DCE2 /* Sources */ = {
			isa = PBXSourcesBuildPhase;
			buildActionMask = 2147483647;
			files = (
				01FAFBF91E4FE2730050DCE2 /* ViewController.swift in Sources */,
				01FAFBF71E4FE2730050DCE2 /* AppDelegate.swift in Sources */,
			);
			runOnlyForDeploymentPostprocessing = 0;
		};
/* End PBXSourcesBuildPhase section */

/* Begin PBXVariantGroup section */
		01FAFBFA1E4FE2730050DCE2 /* Main.storyboard */ = {
			isa = PBXVariantGroup;
			children = (
				01FAFBFB1E4FE2730050DCE2 /* Base */,
			);
			name = Main.storyboard;
			sourceTree = "<group>";
		};
		01FAFBFF1E4FE2730050DCE2 /* LaunchScreen.storyboard */ = {
			isa = PBXVariantGroup;
			children = (
				01FAFC001E4FE2730050DCE2 /* Base */,
			);
			name = LaunchScreen.storyboard;
			sourceTree = "<group>";
		};
/* End PBXVariantGroup section */

/* Begin XCBuildConfiguration section */
		01FAFC031E4FE2730050DCE2 /* Debug */ = {
			isa = XCBuildConfiguration;
			buildSettings = {
				ALWAYS_SEARCH_USER_PATHS = NO;
				CLANG_ANALYZER_NONNULL = YES;
				CLANG_CXX_LANGUAGE_STANDARD = "gnu++0x";
				CLANG_CXX_LIBRARY = "libc++";
				CLANG_ENABLE_MODULES = YES;
				CLANG_ENABLE_OBJC_ARC = YES;
				CLANG_WARN_BOOL_CONVERSION = YES;
				CLANG_WARN_CONSTANT_CONVERSION = YES;
				CLANG_WARN_DIRECT_OBJC_ISA_USAGE = YES_ERROR;
				CLANG_WARN_DOCUMENTATION_COMMENTS = YES;
				CLANG_WARN_EMPTY_BODY = YES;
				CLANG_WARN_ENUM_CONVERSION = YES;
				CLANG_WARN_INFINITE_RECURSION = YES;
				CLANG_WARN_INT_CONVERSION = YES;
				CLANG_WARN_OBJC_ROOT_CLASS = YES_ERROR;
				CLANG_WARN_SUSPICIOUS_MOVE = YES;
				CLANG_WARN_UNREACHABLE_CODE = YES;
				CLANG_WARN__DUPLICATE_METHOD_MATCH = YES;
				"CODE_SIGN_IDENTITY[sdk=iphoneos*]" = "iPhone Developer";
				COPY_PHASE_STRIP = NO;
				DEBUG_INFORMATION_FORMAT = dwarf;
				ENABLE_STRICT_OBJC_MSGSEND = YES;
				ENABLE_TESTABILITY = YES;
				GCC_C_LANGUAGE_STANDARD = gnu99;
				GCC_DYNAMIC_NO_PIC = NO;
				GCC_NO_COMMON_BLOCKS = YES;
				GCC_OPTIMIZATION_LEVEL = 0;
				GCC_PREPROCESSOR_DEFINITIONS = (
					"DEBUG=1",
					"$(inherited)",
				);
				GCC_WARN_64_TO_32_BIT_CONVERSION = YES;
				GCC_WARN_ABOUT_RETURN_TYPE = YES_ERROR;
				GCC_WARN_UNDECLARED_SELECTOR = YES;
				GCC_WARN_UNINITIALIZED_AUTOS = YES_AGGRESSIVE;
				GCC_WARN_UNUSED_FUNCTION = YES;
				GCC_WARN_UNUSED_VARIABLE = YES;
				IPHONEOS_DEPLOYMENT_TARGET = 10.2;
				MTL_ENABLE_DEBUG_INFO = YES;
				ONLY_ACTIVE_ARCH = YES;
				SDKROOT = iphoneos;
				SWIFT_ACTIVE_COMPILATION_CONDITIONS = DEBUG;
				SWIFT_OPTIMIZATION_LEVEL = "-Onone";
				TARGETED_DEVICE_FAMILY = 2;
			};
			name = Debug;
		};
		01FAFC041E4FE2730050DCE2 /* Release */ = {
			isa = XCBuildConfiguration;
			buildSettings = {
				ALWAYS_SEARCH_USER_PATHS = NO;
				CLANG_ANALYZER_NONNULL = YES;
				CLANG_CXX_LANGUAGE_STANDARD = "gnu++0x";
				CLANG_CXX_LIBRARY = "libc++";
				CLANG_ENABLE_MODULES = YES;
				CLANG_ENABLE_OBJC_ARC = YES;
				CLANG_WARN_BOOL_CONVERSION = YES;
				CLANG_WARN_CONSTANT_CONVERSION = YES;
				CLANG_WARN_DIRECT_OBJC_ISA_USAGE = YES_ERROR;
				CLANG_WARN_DOCUMENTATION_COMMENTS = YES;
				CLANG_WARN_EMPTY_BODY = YES;
				CLANG_WARN_ENUM_CONVERSION = YES;
				CLANG_WARN_INFINITE_RECURSION = YES;
				CLANG_WARN_INT_CONVERSION = YES;
				CLANG_WARN_OBJC_ROOT_CLASS = YES_ERROR;
				CLANG_WARN_SUSPICIOUS_MOVE = YES;
				CLANG_WARN_UNREACHABLE_CODE = YES;
				CLANG_WARN__DUPLICATE_METHOD_MATCH = YES;
				"CODE_SIGN_IDENTITY[sdk=iphoneos*]" = "iPhone Developer";
				COPY_PHASE_STRIP = NO;
				DEBUG_INFORMATION_FORMAT = "dwarf-with-dsym";
				ENABLE_NS_ASSERTIONS = NO;
				ENABLE_STRICT_OBJC_MSGSEND = YES;
				GCC_C_LANGUAGE_STANDARD = gnu99;
				GCC_NO_COMMON_BLOCKS = YES;
				GCC_WARN_64_TO_32_BIT_CONVERSION = YES;
				GCC_WARN_ABOUT_RETURN_TYPE = YES_ERROR;
				GCC_WARN_UNDECLARED_SELECTOR = YES;
				GCC_WARN_UNINITIALIZED_AUTOS = YES_AGGRESSIVE;
				GCC_WARN_UNUSED_FUNCTION = YES;
				GCC_WARN_UNUSED_VARIABLE = YES;
				IPHONEOS_DEPLOYMENT_TARGET = 10.2;
				MTL_ENABLE_DEBUG_INFO = NO;
				SDKROOT = iphoneos;
				SWIFT_OPTIMIZATION_LEVEL = "-Owholemodule";
				TARGETED_DEVICE_FAMILY = 2;
				VALIDATE_PRODUCT = YES;
			};
			name = Release;
		};
		01FAFC061E4FE2730050DCE2 /* Debug */ = {
			isa = XCBuildConfiguration;
			buildSettings = {
				ASSETCATALOG_COMPILER_APPICON_NAME = AppIcon;
				DEVELOPMENT_TEAM = DG4WJC99E5;
				INFOPLIST_FILE = Project8/Info.plist;
				LD_RUNPATH_SEARCH_PATHS = "$(inherited) @executable_path/Frameworks";
				PRODUCT_BUNDLE_IDENTIFIER = com.melissagarrett.Project8;
				PRODUCT_NAME = "$(TARGET_NAME)";
				SWIFT_VERSION = 3.0;
			};
			name = Debug;
		};
		01FAFC071E4FE2730050DCE2 /* Release */ = {
			isa = XCBuildConfiguration;
			buildSettings = {
				ASSETCATALOG_COMPILER_APPICON_NAME = AppIcon;
				DEVELOPMENT_TEAM = DG4WJC99E5;
				INFOPLIST_FILE = Project8/Info.plist;
				LD_RUNPATH_SEARCH_PATHS = "$(inherited) @executable_path/Frameworks";
				PRODUCT_BUNDLE_IDENTIFIER = com.melissagarrett.Project8;
				PRODUCT_NAME = "$(TARGET_NAME)";
				SWIFT_VERSION = 3.0;
			};
			name = Release;
		};
/* End XCBuildConfiguration section */

/* Begin XCConfigurationList section */
		01FAFBEE1E4FE2730050DCE2 /* Build configuration list for PBXProject "Project8" */ = {
			isa = XCConfigurationList;
			buildConfigurations = (
				01FAFC031E4FE2730050DCE2 /* Debug */,
				01FAFC041E4FE2730050DCE2 /* Release */,
			);
			defaultConfigurationIsVisible = 0;
			defaultConfigurationName = Release;
		};
		01FAFC051E4FE2730050DCE2 /* Build configuration list for PBXNativeTarget "Project8" */ = {
			isa = XCConfigurationList;
			buildConfigurations = (
				01FAFC061E4FE2730050DCE2 /* Debug */,
				01FAFC071E4FE2730050DCE2 /* Release */,
			);
			defaultConfigurationIsVisible = 0;
		};
/* End XCConfigurationList section */
	};
	rootObject = 01FAFBEB1E4FE2730050DCE2 /* Project object */;
}
